
Microsoft Visual Studio Solution File, Format Version 12.00
# Visual Studio 15
VisualStudioVersion = 15.0.27004.2002
MinimumVisualStudioVersion = 10.0.40219.1
Project("{FAE04EC0-301F-11D3-BF4B-00C04F79EFBC}") = "Introduction", "Introduction\Introduction.csproj", "{401EE710-01E8-4BA8-9C03-D65ED734360A}"
EndProject
Project("{FAE04EC0-301F-11D3-BF4B-00C04F79EFBC}") = "ThePowerOfIEnumerable", "ThePowerOfIEnumerable\ThePowerOfIEnumerable.csproj", "{32FDBDAD-10E5-49D5-9BC6-C69AF6A91690}"
EndProject
Project("{FAE04EC0-301F-11D3-BF4B-00C04F79EFBC}") = "CreatingAnExtensionMethod", "CreatingAnExtensionMethod\CreatingAnExtensionMethod.csproj", "{A6E36B2A-6989-4E31-ACC9-C3DF259319FF}"
EndProject
Project("{FAE04EC0-301F-11D3-BF4B-00C04F79EFBC}") = "UnderstandingLambdaExpressions", "UnderstandingLambdaExpressions\UnderstandingLambdaExpressions.csproj", "{694B3233-D76D-4DEE-86E4-CD1E71CC96E4}"
EndProject
Project("{FAE04EC0-301F-11D3-BF4B-00C04F79EFBC}") = "CustomFilterOperator", "CustomFilterOperator\CustomFilterOperator.csproj", "{4532B9A4-5F42-48AF-BD60-64F4A5E40AAB}"
EndProject
Project("{FAE04EC0-301F-11D3-BF4B-00C04F79EFBC}") = "FuelEfficiency", "FuelEfficiency\FuelEfficiency.csproj", "{FFE9551E-9F43-4878-AEB5-A2BDA33A428A}"
EndProject
Global
	GlobalSection(SolutionConfigurationPlatforms) = preSolution
		Debug|Any CPU = Debug|Any CPU
		Release|Any CPU = Release|Any CPU
	EndGlobalSection
	GlobalSection(ProjectConfigurationPlatforms) = postSolution
		{401EE710-01E8-4BA8-9C03-D65ED734360A}.Debug|Any CPU.ActiveCfg = Debug|Any CPU
		{401EE710-01E8-4BA8-9C03-D65ED734360A}.Debug|Any CPU.Build.0 = Debug|Any CPU
		{401EE710-01E8-4BA8-9C03-D65ED734360A}.Release|Any CPU.ActiveCfg = Release|Any CPU
		{401EE710-01E8-4BA8-9C03-D65ED734360A}.Release|Any CPU.Build.0 = Release|Any CPU
		{32FDBDAD-10E5-49D5-9BC6-C69AF6A91690}.Debug|Any CPU.ActiveCfg = Debug|Any CPU
		{32FDBDAD-10E5-49D5-9BC6-C69AF6A91690}.Debug|Any CPU.Build.0 = Debug|Any CPU
		{32FDBDAD-10E5-49D5-9BC6-C69AF6A91690}.Release|Any CPU.ActiveCfg = Release|Any CPU
		{32FDBDAD-10E5-49D5-9BC6-C69AF6A91690}.Release|Any CPU.Build.0 = Release|Any CPU
		{A6E36B2A-6989-4E31-ACC9-C3DF259319FF}.Debug|Any CPU.ActiveCfg = Debug|Any CPU
		{A6E36B2A-6989-4E31-ACC9-C3DF259319FF}.Debug|Any CPU.Build.0 = Debug|Any CPU
		{A6E36B2A-6989-4E31-ACC9-C3DF259319FF}.Release|Any CPU.ActiveCfg = Release|Any CPU
		{A6E36B2A-6989-4E31-ACC9-C3DF259319FF}.Release|Any CPU.Build.0 = Release|Any CPU
		{694B3233-D76D-4DEE-86E4-CD1E71CC96E4}.Debug|Any CPU.ActiveCfg = Debug|Any CPU
		{694B3233-D76D-4DEE-86E4-CD1E71CC96E4}.Debug|Any CPU.Build.0 = Debug|Any CPU
		{694B3233-D76D-4DEE-86E4-CD1E71CC96E4}.Release|Any CPU.ActiveCfg = Release|Any CPU
		{694B3233-D76D-4DEE-86E4-CD1E71CC96E4}.Release|Any CPU.Build.0 = Release|Any CPU
		{4532B9A4-5F42-48AF-BD60-64F4A5E40AAB}.Debug|Any CPU.ActiveCfg = Debug|Any CPU
		{4532B9A4-5F42-48AF-BD60-64F4A5E40AAB}.Debug|Any CPU.Build.0 = Debug|Any CPU
		{4532B9A4-5F42-48AF-BD60-64F4A5E40AAB}.Release|Any CPU.ActiveCfg = Release|Any CPU
		{4532B9A4-5F42-48AF-BD60-64F4A5E40AAB}.Release|Any CPU.Build.0 = Release|Any CPU
		{FFE9551E-9F43-4878-AEB5-A2BDA33A428A}.Debug|Any CPU.ActiveCfg = Debug|Any CPU
		{FFE9551E-9F43-4878-AEB5-A2BDA33A428A}.Debug|Any CPU.Build.0 = Debug|Any CPU
		{FFE9551E-9F43-4878-AEB5-A2BDA33A428A}.Release|Any CPU.ActiveCfg = Release|Any CPU
		{FFE9551E-9F43-4878-AEB5-A2BDA33A428A}.Release|Any CPU.Build.0 = Release|Any CPU
	EndGlobalSection
	GlobalSection(SolutionProperties) = preSolution
		HideSolutionNode = FALSE
	EndGlobalSection
	GlobalSection(ExtensibilityGlobals) = postSolution
		SolutionGuid = {554EA9A6-235F-483A-88E6-BC90763F32D2}
	EndGlobalSection
EndGlobal
